
Microsoft Visual Studio Solution File, Format Version 12.00
# Visual Studio Version 17
VisualStudioVersion = 17.10.35004.147
MinimumVisualStudioVersion = 10.0.40219.1
Project("{FAE04EC0-301F-11D3-BF4B-00C04F79EFBC}") = "VideoRentalOnlineStore", "VideoRentalOnlineStore\VideoRentalOnlineStore.csproj", "{5D7CDD65-595C-4108-8F3D-DBBDF3A1EBEF}"
EndProject
Project("{FAE04EC0-301F-11D3-BF4B-00C04F79EFBC}") = "DataAccess", "DataAccess\DataAccess.csproj", "{6363F0B5-E00E-493C-9A79-72CF14841654}"
EndProject
Project("{FAE04EC0-301F-11D3-BF4B-00C04F79EFBC}") = "DomainModels", "DomainModels\DomainModels.csproj", "{0CE4DACC-4716-43F8-910C-269436F01182}"
EndProject
Project("{FAE04EC0-301F-11D3-BF4B-00C04F79EFBC}") = "Services", "Services\Services.csproj", "{70CF2ABE-3758-43EF-91BE-B30CA2980908}"
EndProject
Project("{FAE04EC0-301F-11D3-BF4B-00C04F79EFBC}") = "ViewModels", "ViewModels\ViewModels.csproj", "{DD76F656-7B41-4A8F-A78A-B166F1D2EE53}"
EndProject
Global
	GlobalSection(SolutionConfigurationPlatforms) = preSolution
		Debug|Any CPU = Debug|Any CPU
		Release|Any CPU = Release|Any CPU
	EndGlobalSection
	GlobalSection(ProjectConfigurationPlatforms) = postSolution
		{5D7CDD65-595C-4108-8F3D-DBBDF3A1EBEF}.Debug|Any CPU.ActiveCfg = Debug|Any CPU
		{5D7CDD65-595C-4108-8F3D-DBBDF3A1EBEF}.Debug|Any CPU.Build.0 = Debug|Any CPU
		{5D7CDD65-595C-4108-8F3D-DBBDF3A1EBEF}.Release|Any CPU.ActiveCfg = Release|Any CPU
		{5D7CDD65-595C-4108-8F3D-DBBDF3A1EBEF}.Release|Any CPU.Build.0 = Release|Any CPU
		{6363F0B5-E00E-493C-9A79-72CF14841654}.Debug|Any CPU.ActiveCfg = Debug|Any CPU
		{6363F0B5-E00E-493C-9A79-72CF14841654}.Debug|Any CPU.Build.0 = Debug|Any CPU
		{6363F0B5-E00E-493C-9A79-72CF14841654}.Release|Any CPU.ActiveCfg = Release|Any CPU
		{6363F0B5-E00E-493C-9A79-72CF14841654}.Release|Any CPU.Build.0 = Release|Any CPU
		{0CE4DACC-4716-43F8-910C-269436F01182}.Debug|Any CPU.ActiveCfg = Debug|Any CPU
		{0CE4DACC-4716-43F8-910C-269436F01182}.Debug|Any CPU.Build.0 = Debug|Any CPU
		{0CE4DACC-4716-43F8-910C-269436F01182}.Release|Any CPU.ActiveCfg = Release|Any CPU
		{0CE4DACC-4716-43F8-910C-269436F01182}.Release|Any CPU.Build.0 = Release|Any CPU
		{70CF2ABE-3758-43EF-91BE-B30CA2980908}.Debug|Any CPU.ActiveCfg = Debug|Any CPU
		{70CF2ABE-3758-43EF-91BE-B30CA2980908}.Debug|Any CPU.Build.0 = Debug|Any CPU
		{70CF2ABE-3758-43EF-91BE-B30CA2980908}.Release|Any CPU.ActiveCfg = Release|Any CPU
		{70CF2ABE-3758-43EF-91BE-B30CA2980908}.Release|Any CPU.Build.0 = Release|Any CPU
		{DD76F656-7B41-4A8F-A78A-B166F1D2EE53}.Debug|Any CPU.ActiveCfg = Debug|Any CPU
		{DD76F656-7B41-4A8F-A78A-B166F1D2EE53}.Debug|Any CPU.Build.0 = Debug|Any CPU
		{DD76F656-7B41-4A8F-A78A-B166F1D2EE53}.Release|Any CPU.ActiveCfg = Release|Any CPU
		{DD76F656-7B41-4A8F-A78A-B166F1D2EE53}.Release|Any CPU.Build.0 = Release|Any CPU
	EndGlobalSection
	GlobalSection(SolutionProperties) = preSolution
		HideSolutionNode = FALSE
	EndGlobalSection
	GlobalSection(ExtensibilityGlobals) = postSolution
		SolutionGuid = {3C7C15F6-D501-4B80-8F0B-75BF01AAB477}
	EndGlobalSection
EndGlobal
